
Microsoft Visual Studio Solution File, Format Version 12.00
# Visual Studio Version 17
VisualStudioVersion = 17.14.36414.22
MinimumVisualStudioVersion = 10.0.40219.1
Project("{FAE04EC0-301F-11D3-BF4B-00C04F79EFBC}") = "PCRApp0", "PCRApp0\PCRApp0.csproj", "{187A576E-2123-6C67-CCA5-1451B5C2EEEF}"
EndProject
Global
	GlobalSection(SolutionConfigurationPlatforms) = preSolution
		Debug|Any CPU = Debug|Any CPU
		Release|Any CPU = Release|Any CPU
	EndGlobalSection
	GlobalSection(ProjectConfigurationPlatforms) = postSolution
		{187A576E-2123-6C67-CCA5-1451B5C2EEEF}.Debug|Any CPU.ActiveCfg = Debug|Any CPU
		{187A576E-2123-6C67-CCA5-1451B5C2EEEF}.Debug|Any CPU.Build.0 = Debug|Any CPU
		{187A576E-2123-6C67-CCA5-1451B5C2EEEF}.Release|Any CPU.ActiveCfg = Release|Any CPU
		{187A576E-2123-6C67-CCA5-1451B5C2EEEF}.Release|Any CPU.Build.0 = Release|Any CPU
	EndGlobalSection
	GlobalSection(SolutionProperties) = preSolution
		HideSolutionNode = FALSE
	EndGlobalSection
	GlobalSection(ExtensibilityGlobals) = postSolution
		SolutionGuid = {6F668CDB-50EF-4214-8C6B-5B29DD767067}
	EndGlobalSection
EndGlobal
