
Microsoft Visual Studio Solution File, Format Version 12.00
# Visual Studio Version 17
VisualStudioVersion = 17.14.36414.22
MinimumVisualStudioVersion = 10.0.40219.1
Project("{FAE04EC0-301F-11D3-BF4B-00C04F79EFBC}") = "RPKApp0", "RPKApp0\RPKApp0.csproj", "{10EF2A9B-531D-4C40-9A3C-F6D5C0FD778E}"
EndProject
Project("{FAE04EC0-301F-11D3-BF4B-00C04F79EFBC}") = "RPKApp0.Tests", "RPKApp0.Tests\RPKApp0.Tests.csproj", "{D9FDE35C-172F-4D90-A4BD-08C5BDFF37A9}"
EndProject
Global
	GlobalSection(SolutionConfigurationPlatforms) = preSolution
		Debug|Any CPU = Debug|Any CPU
		Release|Any CPU = Release|Any CPU
	EndGlobalSection
	GlobalSection(ProjectConfigurationPlatforms) = postSolution
		{10EF2A9B-531D-4C40-9A3C-F6D5C0FD778E}.Debug|Any CPU.ActiveCfg = Debug|Any CPU
		{10EF2A9B-531D-4C40-9A3C-F6D5C0FD778E}.Debug|Any CPU.Build.0 = Debug|Any CPU
		{10EF2A9B-531D-4C40-9A3C-F6D5C0FD778E}.Release|Any CPU.ActiveCfg = Release|Any CPU
		{10EF2A9B-531D-4C40-9A3C-F6D5C0FD778E}.Release|Any CPU.Build.0 = Release|Any CPU
		{D9FDE35C-172F-4D90-A4BD-08C5BDFF37A9}.Debug|Any CPU.ActiveCfg = Debug|Any CPU
		{D9FDE35C-172F-4D90-A4BD-08C5BDFF37A9}.Debug|Any CPU.Build.0 = Debug|Any CPU
		{D9FDE35C-172F-4D90-A4BD-08C5BDFF37A9}.Release|Any CPU.ActiveCfg = Release|Any CPU
		{D9FDE35C-172F-4D90-A4BD-08C5BDFF37A9}.Release|Any CPU.Build.0 = Release|Any CPU
	EndGlobalSection
	GlobalSection(SolutionProperties) = preSolution
		HideSolutionNode = FALSE
	EndGlobalSection
	GlobalSection(ExtensibilityGlobals) = postSolution
		SolutionGuid = {6F668CDB-50EF-4214-8C6B-5B29DD767067}
	EndGlobalSection
EndGlobal
